
Microsoft Visual Studio Solution File, Format Version 12.00
# Visual Studio Version 17
VisualStudioVersion = 17.11.35327.3
MinimumVisualStudioVersion = 10.0.40219.1
Project("{FAE04EC0-301F-11D3-BF4B-00C04F79EFBC}") = "HoTenSV_Thi_finaltest", "HoTenSV_Thi_finaltest\HoTenSV_Thi_finaltest.csproj", "{CEA52A8F-EB60-4A12-A1AD-7E573FBE28A0}"
EndProject
Global
	GlobalSection(SolutionConfigurationPlatforms) = preSolution
		Debug|Any CPU = Debug|Any CPU
		Release|Any CPU = Release|Any CPU
	EndGlobalSection
	GlobalSection(ProjectConfigurationPlatforms) = postSolution
		{CEA52A8F-EB60-4A12-A1AD-7E573FBE28A0}.Debug|Any CPU.ActiveCfg = Debug|Any CPU
		{CEA52A8F-EB60-4A12-A1AD-7E573FBE28A0}.Debug|Any CPU.Build.0 = Debug|Any CPU
		{CEA52A8F-EB60-4A12-A1AD-7E573FBE28A0}.Release|Any CPU.ActiveCfg = Release|Any CPU
		{CEA52A8F-EB60-4A12-A1AD-7E573FBE28A0}.Release|Any CPU.Build.0 = Release|Any CPU
	EndGlobalSection
	GlobalSection(SolutionProperties) = preSolution
		HideSolutionNode = FALSE
	EndGlobalSection
	GlobalSection(ExtensibilityGlobals) = postSolution
		SolutionGuid = {A2E06427-8DA1-4DBF-9A9C-872AAA094745}
	EndGlobalSection
EndGlobal
